{
  "name": "4.8",
  "lockfileVersion": 2,
  "requires": true,
  "packages": {
    "": {
      "dependencies": {
        "types-registry": "^0.1.664"
      }
    },
    "node_modules/types-registry": {
      "version": "0.1.664",
      "resolved": "https://registry.npmjs.org/types-registry/-/types-registry-0.1.664.tgz",
      "integrity": "sha512-YyuB/AbLi20YDI3QPU7q/3jgYcbRtisOduYSSwn9N6/M1UFTs+2DpMM5pJzfFDYD7u16pBK9O4GxwDSIKC9/rQ=="
    }
  },
  "dependencies": {
    "types-registry": {
      "version": "0.1.664",
      "resolved": "https://registry.npmjs.org/types-registry/-/types-registry-0.1.664.tgz",
      "integrity": "sha512-YyuB/AbLi20YDI3QPU7q/3jgYcbRtisOduYSSwn9N6/M1UFTs+2DpMM5pJzfFDYD7u16pBK9O4GxwDSIKC9/rQ=="
    }
  }
}
